// !$*UTF8*$!
{
	archiveVersion = 1;
	classes = {
	};
	objectVersion = 46;
	objects = {

/* Begin PBXBuildFile section */
		76E4DC52916059A8343F439A /* Pods_Demo_Clock.framework in Frameworks */ = {isa = PBXBuildFile; fileRef = BAE010918BE464B58CC8590B /* Pods_Demo_Clock.framework */; };
		8F7F014D204D4510008D4399 /* NSDate+Add.m in Sources */ = {isa = PBXBuildFile; fileRef = 8F7F014C204D4510008D4399 /* NSDate+Add.m */; };
		8F7F016F204FFF92008D4399 /* ClockFace.m in Sources */ = {isa = PBXBuildFile; fileRef = 8F7F016E204FFF92008D4399 /* ClockFace.m */; };
		8F7F0174204FFFA1008D4399 /* NSString+NumInClock.m in Sources */ = {isa = PBXBuildFile; fileRef = 8F7F0171204FFFA1008D4399 /* NSString+NumInClock.m */; };
		8F7F0175204FFFA1008D4399 /* TimeDisplayLabel.m in Sources */ = {isa = PBXBuildFile; fileRef = 8F7F0173204FFFA1008D4399 /* TimeDisplayLabel.m */; };
		8F7F0178204FFFC8008D4399 /* Alarm.m in Sources */ = {isa = PBXBuildFile; fileRef = 8F7F0177204FFFC8008D4399 /* Alarm.m */; };
		8F7F018B2050DAAF008D4399 /* AddAlarmVC.m in Sources */ = {isa = PBXBuildFile; fileRef = 8F7F01842050DAAF008D4399 /* AddAlarmVC.m */; };
		8F7F018C2050DAAF008D4399 /* AlarmCell.m in Sources */ = {isa = PBXBuildFile; fileRef = 8F7F01862050DAAF008D4399 /* AlarmCell.m */; };
		8F7F018D2050DAAF008D4399 /* AlarmListVC.m in Sources */ = {isa = PBXBuildFile; fileRef = 8F7F01882050DAAF008D4399 /* AlarmListVC.m */; };
		8F7F018E2050DAAF008D4399 /* ViewController.m in Sources */ = {isa = PBXBuildFile; fileRef = 8F7F018A2050DAAF008D4399 /* ViewController.m */; };
		D7E8FE6D1C192A39005E908F /* main.m in Sources */ = {isa = PBXBuildFile; fileRef = D7E8FE6C1C192A39005E908F /* main.m */; };
		D7E8FE701C192A39005E908F /* AppDelegate.m in Sources */ = {isa = PBXBuildFile; fileRef = D7E8FE6F1C192A39005E908F /* AppDelegate.m */; };
		D7E8FE761C192A39005E908F /* Main.storyboard in Resources */ = {isa = PBXBuildFile; fileRef = D7E8FE741C192A39005E908F /* Main.storyboard */; };
		D7E8FE781C192A3A005E908F /* Assets.xcassets in Resources */ = {isa = PBXBuildFile; fileRef = D7E8FE771C192A3A005E908F /* Assets.xcassets */; };
		D7E8FE7B1C192A3A005E908F /* LaunchScreen.storyboard in Resources */ = {isa = PBXBuildFile; fileRef = D7E8FE791C192A3A005E908F /* LaunchScreen.storyboard */; };
		D7E8FE861C192A3A005E908F /* Demo_ClockTests.m in Sources */ = {isa = PBXBuildFile; fileRef = D7E8FE851C192A3A005E908F /* Demo_ClockTests.m */; };
		D7E8FE911C192A3A005E908F /* Demo_ClockUITests.m in Sources */ = {isa = PBXBuildFile; fileRef = D7E8FE901C192A3A005E908F /* Demo_ClockUITests.m */; };
/* End PBXBuildFile section */

/* Begin PBXContainerItemProxy section */
		D7E8FE821C192A3A005E908F /* PBXContainerItemProxy */ = {
			isa = PBXContainerItemProxy;
			containerPortal = D7E8FE601C192A39005E908F /* Project object */;
			proxyType = 1;
			remoteGlobalIDString = D7E8FE671C192A39005E908F;
			remoteInfo = Demo_Clock;
		};
		D7E8FE8D1C192A3A005E908F /* PBXContainerItemProxy */ = {
			isa = PBXContainerItemProxy;
			containerPortal = D7E8FE601C192A39005E908F /* Project object */;
			proxyType = 1;
			remoteGlobalIDString = D7E8FE671C192A39005E908F;
			remoteInfo = Demo_Clock;
		};
/* End PBXContainerItemProxy section */

/* Begin PBXFileReference section */
		6083E961B3853FE23FEA3BEE /* Pods-Demo_Clock.debug.xcconfig */ = {isa = PBXFileReference; includeInIndex = 1; lastKnownFileType = text.xcconfig; name = "Pods-Demo_Clock.debug.xcconfig"; path = "Pods/Target Support Files/Pods-Demo_Clock/Pods-Demo_Clock.debug.xcconfig"; sourceTree = "<group>"; };
		8B9901C02A72524629B269AD /* Pods-Demo_Clock.release.xcconfig */ = {isa = PBXFileReference; includeInIndex = 1; lastKnownFileType = text.xcconfig; name = "Pods-Demo_Clock.release.xcconfig"; path = "Pods/Target Support Files/Pods-Demo_Clock/Pods-Demo_Clock.release.xcconfig"; sourceTree = "<group>"; };
		8F7F014B204D4510008D4399 /* NSDate+Add.h */ = {isa = PBXFileReference; lastKnownFileType = sourcecode.c.h; name = "NSDate+Add.h"; path = "Util/NSDate+Add.h"; sourceTree = "<group>"; };
		8F7F014C204D4510008D4399 /* NSDate+Add.m */ = {isa = PBXFileReference; lastKnownFileType = sourcecode.c.objc; name = "NSDate+Add.m"; path = "Util/NSDate+Add.m"; sourceTree = "<group>"; };
		8F7F016D204FFF92008D4399 /* ClockFace.h */ = {isa = PBXFileReference; fileEncoding = 4; lastKnownFileType = sourcecode.c.h; path = ClockFace.h; sourceTree = "<group>"; };
		8F7F016E204FFF92008D4399 /* ClockFace.m */ = {isa = PBXFileReference; fileEncoding = 4; lastKnownFileType = sourcecode.c.objc; path = ClockFace.m; sourceTree = "<group>"; };
		8F7F0170204FFFA1008D4399 /* NSString+NumInClock.h */ = {isa = PBXFileReference; fileEncoding = 4; lastKnownFileType = sourcecode.c.h; name = "NSString+NumInClock.h"; path = "Util/NSString+NumInClock.h"; sourceTree = "<group>"; };
		8F7F0171204FFFA1008D4399 /* NSString+NumInClock.m */ = {isa = PBXFileReference; fileEncoding = 4; lastKnownFileType = sourcecode.c.objc; name = "NSString+NumInClock.m"; path = "Util/NSString+NumInClock.m"; sourceTree = "<group>"; };
		8F7F0172204FFFA1008D4399 /* TimeDisplayLabel.h */ = {isa = PBXFileReference; fileEncoding = 4; lastKnownFileType = sourcecode.c.h; name = TimeDisplayLabel.h; path = Util/TimeDisplayLabel.h; sourceTree = "<group>"; };
		8F7F0173204FFFA1008D4399 /* TimeDisplayLabel.m */ = {isa = PBXFileReference; fileEncoding = 4; lastKnownFileType = sourcecode.c.objc; name = TimeDisplayLabel.m; path = Util/TimeDisplayLabel.m; sourceTree = "<group>"; };
		8F7F0176204FFFC8008D4399 /* Alarm.h */ = {isa = PBXFileReference; lastKnownFileType = sourcecode.c.h; name = Alarm.h; path = Model/Alarm.h; sourceTree = "<group>"; };
		8F7F0177204FFFC8008D4399 /* Alarm.m */ = {isa = PBXFileReference; lastKnownFileType = sourcecode.c.objc; name = Alarm.m; path = Model/Alarm.m; sourceTree = "<group>"; };
		8F7F01832050DAAF008D4399 /* AddAlarmVC.h */ = {isa = PBXFileReference; fileEncoding = 4; lastKnownFileType = sourcecode.c.h; path = AddAlarmVC.h; sourceTree = "<group>"; };
		8F7F01842050DAAF008D4399 /* AddAlarmVC.m */ = {isa = PBXFileReference; fileEncoding = 4; lastKnownFileType = sourcecode.c.objc; path = AddAlarmVC.m; sourceTree = "<group>"; };
		8F7F01852050DAAF008D4399 /* AlarmCell.h */ = {isa = PBXFileReference; fileEncoding = 4; lastKnownFileType = sourcecode.c.h; path = AlarmCell.h; sourceTree = "<group>"; };
		8F7F01862050DAAF008D4399 /* AlarmCell.m */ = {isa = PBXFileReference; fileEncoding = 4; lastKnownFileType = sourcecode.c.objc; path = AlarmCell.m; sourceTree = "<group>"; };
		8F7F01872050DAAF008D4399 /* AlarmListVC.h */ = {isa = PBXFileReference; fileEncoding = 4; lastKnownFileType = sourcecode.c.h; path = AlarmListVC.h; sourceTree = "<group>"; };
		8F7F01882050DAAF008D4399 /* AlarmListVC.m */ = {isa = PBXFileReference; fileEncoding = 4; lastKnownFileType = sourcecode.c.objc; path = AlarmListVC.m; sourceTree = "<group>"; };
		8F7F01892050DAAF008D4399 /* ViewController.h */ = {isa = PBXFileReference; fileEncoding = 4; lastKnownFileType = sourcecode.c.h; path = ViewController.h; sourceTree = "<group>"; };
		8F7F018A2050DAAF008D4399 /* ViewController.m */ = {isa = PBXFileReference; fileEncoding = 4; lastKnownFileType = sourcecode.c.objc; path = ViewController.m; sourceTree = "<group>"; };
		BAE010918BE464B58CC8590B /* Pods_Demo_Clock.framework */ = {isa = PBXFileReference; explicitFileType = wrapper.framework; includeInIndex = 0; path = Pods_Demo_Clock.framework; sourceTree = BUILT_PRODUCTS_DIR; };
		D7E8FE681C192A39005E908F /* Demo_Clock.app */ = {isa = PBXFileReference; explicitFileType = wrapper.application; includeInIndex = 0; path = Demo_Clock.app; sourceTree = BUILT_PRODUCTS_DIR; };
		D7E8FE6C1C192A39005E908F /* main.m */ = {isa = PBXFileReference; lastKnownFileType = sourcecode.c.objc; path = main.m; sourceTree = "<group>"; };
		D7E8FE6E1C192A39005E908F /* AppDelegate.h */ = {isa = PBXFileReference; lastKnownFileType = sourcecode.c.h; path = AppDelegate.h; sourceTree = "<group>"; };
		D7E8FE6F1C192A39005E908F /* AppDelegate.m */ = {isa = PBXFileReference; lastKnownFileType = sourcecode.c.objc; path = AppDelegate.m; sourceTree = "<group>"; };
		D7E8FE751C192A39005E908F /* Base */ = {isa = PBXFileReference; lastKnownFileType = file.storyboard; name = Base; path = Base.lproj/Main.storyboard; sourceTree = "<group>"; };
		D7E8FE771C192A3A005E908F /* Assets.xcassets */ = {isa = PBXFileReference; lastKnownFileType = folder.assetcatalog; path = Assets.xcassets; sourceTree = "<group>"; };
		D7E8FE7A1C192A3A005E908F /* Base */ = {isa = PBXFileReference; lastKnownFileType = file.storyboard; name = Base; path = Base.lproj/LaunchScreen.storyboard; sourceTree = "<group>"; };
		D7E8FE7C1C192A3A005E908F /* Info.plist */ = {isa = PBXFileReference; lastKnownFileType = text.plist.xml; path = Info.plist; sourceTree = "<group>"; };
		D7E8FE811C192A3A005E908F /* Demo_ClockTests.xctest */ = {isa = PBXFileReference; explicitFileType = wrapper.cfbundle; includeInIndex = 0; path = Demo_ClockTests.xctest; sourceTree = BUILT_PRODUCTS_DIR; };
		D7E8FE851C192A3A005E908F /* Demo_ClockTests.m */ = {isa = PBXFileReference; lastKnownFileType = sourcecode.c.objc; path = Demo_ClockTests.m; sourceTree = "<group>"; };
		D7E8FE871C192A3A005E908F /* Info.plist */ = {isa = PBXFileReference; lastKnownFileType = text.plist.xml; path = Info.plist; sourceTree = "<group>"; };
		D7E8FE8C1C192A3A005E908F /* Demo_ClockUITests.xctest */ = {isa = PBXFileReference; explicitFileType = wrapper.cfbundle; includeInIndex = 0; path = Demo_ClockUITests.xctest; sourceTree = BUILT_PRODUCTS_DIR; };
		D7E8FE901C192A3A005E908F /* Demo_ClockUITests.m */ = {isa = PBXFileReference; lastKnownFileType = sourcecode.c.objc; path = Demo_ClockUITests.m; sourceTree = "<group>"; };
		D7E8FE921C192A3A005E908F /* Info.plist */ = {isa = PBXFileReference; lastKnownFileType = text.plist.xml; path = Info.plist; sourceTree = "<group>"; };
/* End PBXFileReference section */

/* Begin PBXFrameworksBuildPhase section */
		D7E8FE651C192A39005E908F /* Frameworks */ = {
			isa = PBXFrameworksBuildPhase;
			buildActionMask = 2147483647;
			files = (
				76E4DC52916059A8343F439A /* Pods_Demo_Clock.framework in Frameworks */,
			);
			runOnlyForDeploymentPostprocessing = 0;
		};
		D7E8FE7E1C192A3A005E908F /* Frameworks */ = {
			isa = PBXFrameworksBuildPhase;
			buildActionMask = 2147483647;
			files = (
			);
			runOnlyForDeploymentPostprocessing = 0;
		};
		D7E8FE891C192A3A005E908F /* Frameworks */ = {
			isa = PBXFrameworksBuildPhase;
			buildActionMask = 2147483647;
			files = (
			);
			runOnlyForDeploymentPostprocessing = 0;
		};
/* End PBXFrameworksBuildPhase section */

/* Begin PBXGroup section */
		2AAD7F19107DEB88C79C95D2 /* Pods */ = {
			isa = PBXGroup;
			children = (
				6083E961B3853FE23FEA3BEE /* Pods-Demo_Clock.debug.xcconfig */,
				8B9901C02A72524629B269AD /* Pods-Demo_Clock.release.xcconfig */,
			);
			name = Pods;
			sourceTree = "<group>";
		};
		8F7F016B204FFF44008D4399 /* Model */ = {
			isa = PBXGroup;
			children = (
				8F7F0176204FFFC8008D4399 /* Alarm.h */,
				8F7F0177204FFFC8008D4399 /* Alarm.m */,
				8F7F016C204FFF92008D4399 /* Clock */,
			);
			name = Model;
			sourceTree = "<group>";
		};
		8F7F016C204FFF92008D4399 /* Clock */ = {
			isa = PBXGroup;
			children = (
				8F7F016D204FFF92008D4399 /* ClockFace.h */,
				8F7F016E204FFF92008D4399 /* ClockFace.m */,
			);
			name = Clock;
			path = Model/Clock;
			sourceTree = "<group>";
		};
		8F7F01822050DAAF008D4399 /* VC */ = {
			isa = PBXGroup;
			children = (
				8F7F01872050DAAF008D4399 /* AlarmListVC.h */,
				8F7F01882050DAAF008D4399 /* AlarmListVC.m */,
				8F7F01852050DAAF008D4399 /* AlarmCell.h */,
				8F7F01862050DAAF008D4399 /* AlarmCell.m */,
				8F7F01892050DAAF008D4399 /* ViewController.h */,
				8F7F018A2050DAAF008D4399 /* ViewController.m */,
				8F7F01832050DAAF008D4399 /* AddAlarmVC.h */,
				8F7F01842050DAAF008D4399 /* AddAlarmVC.m */,
			);
			path = VC;
			sourceTree = "<group>";
		};
		9435DF38AA400BB21FC4D29F /* Frameworks */ = {
			isa = PBXGroup;
			children = (
				BAE010918BE464B58CC8590B /* Pods_Demo_Clock.framework */,
			);
			name = Frameworks;
			sourceTree = "<group>";
		};
		D74D49421C33AD2C00FBF02A /* Util */ = {
			isa = PBXGroup;
			children = (
				8F7F0170204FFFA1008D4399 /* NSString+NumInClock.h */,
				8F7F0171204FFFA1008D4399 /* NSString+NumInClock.m */,
				8F7F0172204FFFA1008D4399 /* TimeDisplayLabel.h */,
				8F7F0173204FFFA1008D4399 /* TimeDisplayLabel.m */,
				8F7F014B204D4510008D4399 /* NSDate+Add.h */,
				8F7F014C204D4510008D4399 /* NSDate+Add.m */,
			);
			name = Util;
			sourceTree = "<group>";
		};
		D7E8FE5F1C192A39005E908F = {
			isa = PBXGroup;
			children = (
				D7E8FE6A1C192A39005E908F /* Demo_Clock */,
				D7E8FE841C192A3A005E908F /* Demo_ClockTests */,
				D7E8FE8F1C192A3A005E908F /* Demo_ClockUITests */,
				D7E8FE691C192A39005E908F /* Products */,
				2AAD7F19107DEB88C79C95D2 /* Pods */,
				9435DF38AA400BB21FC4D29F /* Frameworks */,
			);
			sourceTree = "<group>";
		};
		D7E8FE691C192A39005E908F /* Products */ = {
			isa = PBXGroup;
			children = (
				D7E8FE681C192A39005E908F /* Demo_Clock.app */,
				D7E8FE811C192A3A005E908F /* Demo_ClockTests.xctest */,
				D7E8FE8C1C192A3A005E908F /* Demo_ClockUITests.xctest */,
			);
			name = Products;
			sourceTree = "<group>";
		};
		D7E8FE6A1C192A39005E908F /* Demo_Clock */ = {
			isa = PBXGroup;
			children = (
				D7E8FE6E1C192A39005E908F /* AppDelegate.h */,
				D7E8FE6F1C192A39005E908F /* AppDelegate.m */,
				8F7F01822050DAAF008D4399 /* VC */,
				8F7F016B204FFF44008D4399 /* Model */,
				D74D49421C33AD2C00FBF02A /* Util */,
				D7E8FE741C192A39005E908F /* Main.storyboard */,
				D7E8FE771C192A3A005E908F /* Assets.xcassets */,
				D7E8FE791C192A3A005E908F /* LaunchScreen.storyboard */,
				D7E8FE7C1C192A3A005E908F /* Info.plist */,
				D7E8FE6B1C192A39005E908F /* Supporting Files */,
			);
			path = Demo_Clock;
			sourceTree = "<group>";
		};
		D7E8FE6B1C192A39005E908F /* Supporting Files */ = {
			isa = PBXGroup;
			children = (
				D7E8FE6C1C192A39005E908F /* main.m */,
			);
			name = "Supporting Files";
			sourceTree = "<group>";
		};
		D7E8FE841C192A3A005E908F /* Demo_ClockTests */ = {
			isa = PBXGroup;
			children = (
				D7E8FE851C192A3A005E908F /* Demo_ClockTests.m */,
				D7E8FE871C192A3A005E908F /* Info.plist */,
			);
			path = Demo_ClockTests;
			sourceTree = "<group>";
		};
		D7E8FE8F1C192A3A005E908F /* Demo_ClockUITests */ = {
			isa = PBXGroup;
			children = (
				D7E8FE901C192A3A005E908F /* Demo_ClockUITests.m */,
				D7E8FE921C192A3A005E908F /* Info.plist */,
			);
			path = Demo_ClockUITests;
			sourceTree = "<group>";
		};
/* End PBXGroup section */

/* Begin PBXNativeTarget section */
		D7E8FE671C192A39005E908F /* Demo_Clock */ = {
			isa = PBXNativeTarget;
			buildConfigurationList = D7E8FE951C192A3A005E908F /* Build configuration list for PBXNativeTarget "Demo_Clock" */;
			buildPhases = (
				DDECD3781576A92A2C4EF266 /* [CP] Check Pods Manifest.lock */,
				D7E8FE641C192A39005E908F /* Sources */,
				D7E8FE651C192A39005E908F /* Frameworks */,
				D7E8FE661C192A39005E908F /* Resources */,
				AA24CD0FDEBD79981D9F9392 /* [CP] Embed Pods Frameworks */,
				7A5D88DA9B9673801FFA42A5 /* [CP] Copy Pods Resources */,
			);
			buildRules = (
			);
			dependencies = (
			);
			name = Demo_Clock;
			productName = Demo_Clock;
			productReference = D7E8FE681C192A39005E908F /* Demo_Clock.app */;
			productType = "com.apple.product-type.application";
		};
		D7E8FE801C192A3A005E908F /* Demo_ClockTests */ = {
			isa = PBXNativeTarget;
			buildConfigurationList = D7E8FE981C192A3A005E908F /* Build configuration list for PBXNativeTarget "Demo_ClockTests" */;
			buildPhases = (
				D7E8FE7D1C192A3A005E908F /* Sources */,
				D7E8FE7E1C192A3A005E908F /* Frameworks */,
				D7E8FE7F1C192A3A005E908F /* Resources */,
			);
			buildRules = (
			);
			dependencies = (
				D7E8FE831C192A3A005E908F /* PBXTargetDependency */,
			);
			name = Demo_ClockTests;
			productName = Demo_ClockTests;
			productReference = D7E8FE811C192A3A005E908F /* Demo_ClockTests.xctest */;
			productType = "com.apple.product-type.bundle.unit-test";
		};
		D7E8FE8B1C192A3A005E908F /* Demo_ClockUITests */ = {
			isa = PBXNativeTarget;
			buildConfigurationList = D7E8FE9B1C192A3A005E908F /* Build configuration list for PBXNativeTarget "Demo_ClockUITests" */;
			buildPhases = (
				D7E8FE881C192A3A005E908F /* Sources */,
				D7E8FE891C192A3A005E908F /* Frameworks */,
				D7E8FE8A1C192A3A005E908F /* Resources */,
			);
			buildRules = (
			);
			dependencies = (
				D7E8FE8E1C192A3A005E908F /* PBXTargetDependency */,
			);
			name = Demo_ClockUITests;
			productName = Demo_ClockUITests;
			productReference = D7E8FE8C1C192A3A005E908F /* Demo_ClockUITests.xctest */;
			productType = "com.apple.product-type.bundle.ui-testing";
		};
/* End PBXNativeTarget section */

/* Begin PBXProject section */
		D7E8FE601C192A39005E908F /* Project object */ = {
			isa = PBXProject;
			attributes = {
				LastUpgradeCheck = 0710;
				ORGANIZATIONNAME = teason;
				TargetAttributes = {
					D7E8FE671C192A39005E908F = {
						CreatedOnToolsVersion = 7.1;
						DevelopmentTeam = 83SLLMU85B;
						SystemCapabilities = {
							com.apple.BackgroundModes = {
								enabled = 1;
							};
						};
					};
					D7E8FE801C192A3A005E908F = {
						CreatedOnToolsVersion = 7.1;
						TestTargetID = D7E8FE671C192A39005E908F;
					};
					D7E8FE8B1C192A3A005E908F = {
						CreatedOnToolsVersion = 7.1;
						TestTargetID = D7E8FE671C192A39005E908F;
					};
				};
			};
			buildConfigurationList = D7E8FE631C192A39005E908F /* Build configuration list for PBXProject "Demo_Clock" */;
			compatibilityVersion = "Xcode 3.2";
			developmentRegion = English;
			hasScannedForEncodings = 0;
			knownRegions = (
				en,
				Base,
			);
			mainGroup = D7E8FE5F1C192A39005E908F;
			productRefGroup = D7E8FE691C192A39005E908F /* Products */;
			projectDirPath = "";
			projectRoot = "";
			targets = (
				D7E8FE671C192A39005E908F /* Demo_Clock */,
				D7E8FE801C192A3A005E908F /* Demo_ClockTests */,
				D7E8FE8B1C192A3A005E908F /* Demo_ClockUITests */,
			);
		};
/* End PBXProject section */

/* Begin PBXResourcesBuildPhase section */
		D7E8FE661C192A39005E908F /* Resources */ = {
			isa = PBXResourcesBuildPhase;
			buildActionMask = 2147483647;
			files = (
				D7E8FE7B1C192A3A005E908F /* LaunchScreen.storyboard in Resources */,
				D7E8FE781C192A3A005E908F /* Assets.xcassets in Resources */,
				D7E8FE761C192A39005E908F /* Main.storyboard in Resources */,
			);
			runOnlyForDeploymentPostprocessing = 0;
		};
		D7E8FE7F1C192A3A005E908F /* Resources */ = {
			isa = PBXResourcesBuildPhase;
			buildActionMask = 2147483647;
			files = (
			);
			runOnlyForDeploymentPostprocessing = 0;
		};
		D7E8FE8A1C192A3A005E908F /* Resources */ = {
			isa = PBXResourcesBuildPhase;
			buildActionMask = 2147483647;
			files = (
			);
			runOnlyForDeploymentPostprocessing = 0;
		};
/* End PBXResourcesBuildPhase section */

/* Begin PBXShellScriptBuildPhase section */
		7A5D88DA9B9673801FFA42A5 /* [CP] Copy Pods Resources */ = {
			isa = PBXShellScriptBuildPhase;
			buildActionMask = 2147483647;
			files = (
			);
			inputPaths = (
			);
			name = "[CP] Copy Pods Resources";
			outputPaths = (
			);
			runOnlyForDeploymentPostprocessing = 0;
			shellPath = /bin/sh;
			shellScript = "\"${SRCROOT}/Pods/Target Support Files/Pods-Demo_Clock/Pods-Demo_Clock-resources.sh\"\n";
			showEnvVarsInLog = 0;
		};
		AA24CD0FDEBD79981D9F9392 /* [CP] Embed Pods Frameworks */ = {
			isa = PBXShellScriptBuildPhase;
			buildActionMask = 2147483647;
			files = (
			);
			inputPaths = (
				"${SRCROOT}/Pods/Target Support Files/Pods-Demo_Clock/Pods-Demo_Clock-frameworks.sh",
				"${BUILT_PRODUCTS_DIR}/AFNetworking/AFNetworking.framework",
				"${BUILT_PRODUCTS_DIR}/FDFullscreenPopGesture/FDFullscreenPopGesture.framework",
				"${BUILT_PRODUCTS_DIR}/FMDB/FMDB.framework",
				"${BUILT_PRODUCTS_DIR}/IQKeyboardManager/IQKeyboardManager.framework",
				"${BUILT_PRODUCTS_DIR}/MJRefresh/MJRefresh.framework",
				"${BUILT_PRODUCTS_DIR}/Masonry/Masonry.framework",
				"${BUILT_PRODUCTS_DIR}/ReactiveObjC/ReactiveObjC.framework",
				"${BUILT_PRODUCTS_DIR}/SDWebImage/SDWebImage.framework",
				"${BUILT_PRODUCTS_DIR}/SSZipArchive/SSZipArchive.framework",
				"${BUILT_PRODUCTS_DIR}/SVProgressHUD/SVProgressHUD.framework",
				"${BUILT_PRODUCTS_DIR}/Valet/Valet.framework",
				"${BUILT_PRODUCTS_DIR}/XTColor/XTColor.framework",
				"${BUILT_PRODUCTS_DIR}/XTFMDB/XTFMDB.framework",
				"${BUILT_PRODUCTS_DIR}/XTReq/XTReq.framework",
				"${BUILT_PRODUCTS_DIR}/XTlib/XTlib.framework",
				"${BUILT_PRODUCTS_DIR}/YYModel/YYModel.framework",
			);
			name = "[CP] Embed Pods Frameworks";
			outputPaths = (
				"${TARGET_BUILD_DIR}/${FRAMEWORKS_FOLDER_PATH}/AFNetworking.framework",
				"${TARGET_BUILD_DIR}/${FRAMEWORKS_FOLDER_PATH}/FDFullscreenPopGesture.framework",
				"${TARGET_BUILD_DIR}/${FRAMEWORKS_FOLDER_PATH}/FMDB.framework",
				"${TARGET_BUILD_DIR}/${FRAMEWORKS_FOLDER_PATH}/IQKeyboardManager.framework",
				"${TARGET_BUILD_DIR}/${FRAMEWORKS_FOLDER_PATH}/MJRefresh.framework",
				"${TARGET_BUILD_DIR}/${FRAMEWORKS_FOLDER_PATH}/Masonry.framework",
				"${TARGET_BUILD_DIR}/${FRAMEWORKS_FOLDER_PATH}/ReactiveObjC.framework",
				"${TARGET_BUILD_DIR}/${FRAMEWORKS_FOLDER_PATH}/SDWebImage.framework",
				"${TARGET_BUILD_DIR}/${FRAMEWORKS_FOLDER_PATH}/SSZipArchive.framework",
				"${TARGET_BUILD_DIR}/${FRAMEWORKS_FOLDER_PATH}/SVProgressHUD.framework",
				"${TARGET_BUILD_DIR}/${FRAMEWORKS_FOLDER_PATH}/Valet.framework",
				"${TARGET_BUILD_DIR}/${FRAMEWORKS_FOLDER_PATH}/XTColor.framework",
				"${TARGET_BUILD_DIR}/${FRAMEWORKS_FOLDER_PATH}/XTFMDB.framework",
				"${TARGET_BUILD_DIR}/${FRAMEWORKS_FOLDER_PATH}/XTReq.framework",
				"${TARGET_BUILD_DIR}/${FRAMEWORKS_FOLDER_PATH}/XTlib.framework",
				"${TARGET_BUILD_DIR}/${FRAMEWORKS_FOLDER_PATH}/YYModel.framework",
			);
			runOnlyForDeploymentPostprocessing = 0;
			shellPath = /bin/sh;
			shellScript = "\"${SRCROOT}/Pods/Target Support Files/Pods-Demo_Clock/Pods-Demo_Clock-frameworks.sh\"\n";
			showEnvVarsInLog = 0;
		};
		DDECD3781576A92A2C4EF266 /* [CP] Check Pods Manifest.lock */ = {
			isa = PBXShellScriptBuildPhase;
			buildActionMask = 2147483647;
			files = (
			);
			inputPaths = (
				"${PODS_PODFILE_DIR_PATH}/Podfile.lock",
				"${PODS_ROOT}/Manifest.lock",
			);
			name = "[CP] Check Pods Manifest.lock";
			outputPaths = (
				"$(DERIVED_FILE_DIR)/Pods-Demo_Clock-checkManifestLockResult.txt",
			);
			runOnlyForDeploymentPostprocessing = 0;
			shellPath = /bin/sh;
			shellScript = "diff \"${PODS_PODFILE_DIR_PATH}/Podfile.lock\" \"${PODS_ROOT}/Manifest.lock\" > /dev/null\nif [ $? != 0 ] ; then\n    # print error to STDERR\n    echo \"error: The sandbox is not in sync with the Podfile.lock. Run 'pod install' or update your CocoaPods installation.\" >&2\n    exit 1\nfi\n# This output is used by Xcode 'outputs' to avoid re-running this script phase.\necho \"SUCCESS\" > \"${SCRIPT_OUTPUT_FILE_0}\"\n";
			showEnvVarsInLog = 0;
		};
/* End PBXShellScriptBuildPhase section */

/* Begin PBXSourcesBuildPhase section */
		D7E8FE641C192A39005E908F /* Sources */ = {
			isa = PBXSourcesBuildPhase;
			buildActionMask = 2147483647;
			files = (
				8F7F0174204FFFA1008D4399 /* NSString+NumInClock.m in Sources */,
				8F7F016F204FFF92008D4399 /* ClockFace.m in Sources */,
				8F7F014D204D4510008D4399 /* NSDate+Add.m in Sources */,
				D7E8FE701C192A39005E908F /* AppDelegate.m in Sources */,
				8F7F0175204FFFA1008D4399 /* TimeDisplayLabel.m in Sources */,
				8F7F018E2050DAAF008D4399 /* ViewController.m in Sources */,
				D7E8FE6D1C192A39005E908F /* main.m in Sources */,
				8F7F018D2050DAAF008D4399 /* AlarmListVC.m in Sources */,
				8F7F018B2050DAAF008D4399 /* AddAlarmVC.m in Sources */,
				8F7F0178204FFFC8008D4399 /* Alarm.m in Sources */,
				8F7F018C2050DAAF008D4399 /* AlarmCell.m in Sources */,
			);
			runOnlyForDeploymentPostprocessing = 0;
		};
		D7E8FE7D1C192A3A005E908F /* Sources */ = {
			isa = PBXSourcesBuildPhase;
			buildActionMask = 2147483647;
			files = (
				D7E8FE861C192A3A005E908F /* Demo_ClockTests.m in Sources */,
			);
			runOnlyForDeploymentPostprocessing = 0;
		};
		D7E8FE881C192A3A005E908F /* Sources */ = {
			isa = PBXSourcesBuildPhase;
			buildActionMask = 2147483647;
			files = (
				D7E8FE911C192A3A005E908F /* Demo_ClockUITests.m in Sources */,
			);
			runOnlyForDeploymentPostprocessing = 0;
		};
/* End PBXSourcesBuildPhase section */

/* Begin PBXTargetDependency section */
		D7E8FE831C192A3A005E908F /* PBXTargetDependency */ = {
			isa = PBXTargetDependency;
			target = D7E8FE671C192A39005E908F /* Demo_Clock */;
			targetProxy = D7E8FE821C192A3A005E908F /* PBXContainerItemProxy */;
		};
		D7E8FE8E1C192A3A005E908F /* PBXTargetDependency */ = {
			isa = PBXTargetDependency;
			target = D7E8FE671C192A39005E908F /* Demo_Clock */;
			targetProxy = D7E8FE8D1C192A3A005E908F /* PBXContainerItemProxy */;
		};
/* End PBXTargetDependency section */

/* Begin PBXVariantGroup section */
		D7E8FE741C192A39005E908F /* Main.storyboard */ = {
			isa = PBXVariantGroup;
			children = (
				D7E8FE751C192A39005E908F /* Base */,
			);
			name = Main.storyboard;
			sourceTree = "<group>";
		};
		D7E8FE791C192A3A005E908F /* LaunchScreen.storyboard */ = {
			isa = PBXVariantGroup;
			children = (
				D7E8FE7A1C192A3A005E908F /* Base */,
			);
			name = LaunchScreen.storyboard;
			sourceTree = "<group>";
		};
/* End PBXVariantGroup section */

/* Begin XCBuildConfiguration section */
		D7E8FE931C192A3A005E908F /* Debug */ = {
			isa = XCBuildConfiguration;
			buildSettings = {
				ALWAYS_SEARCH_USER_PATHS = NO;
				CLANG_CXX_LANGUAGE_STANDARD = "gnu++0x";
				CLANG_CXX_LIBRARY = "libc++";
				CLANG_ENABLE_MODULES = YES;
				CLANG_ENABLE_OBJC_ARC = YES;
				CLANG_WARN_BOOL_CONVERSION = YES;
				CLANG_WARN_CONSTANT_CONVERSION = YES;
				CLANG_WARN_DIRECT_OBJC_ISA_USAGE = YES_ERROR;
				CLANG_WARN_EMPTY_BODY = YES;
				CLANG_WARN_ENUM_CONVERSION = YES;
				CLANG_WARN_INT_CONVERSION = YES;
				CLANG_WARN_OBJC_ROOT_CLASS = YES_ERROR;
				CLANG_WARN_UNREACHABLE_CODE = YES;
				CLANG_WARN__DUPLICATE_METHOD_MATCH = YES;
				"CODE_SIGN_IDENTITY[sdk=iphoneos*]" = "iPhone Developer";
				COPY_PHASE_STRIP = NO;
				DEBUG_INFORMATION_FORMAT = dwarf;
				ENABLE_STRICT_OBJC_MSGSEND = YES;
				ENABLE_TESTABILITY = YES;
				GCC_C_LANGUAGE_STANDARD = gnu99;
				GCC_DYNAMIC_NO_PIC = NO;
				GCC_NO_COMMON_BLOCKS = YES;
				GCC_OPTIMIZATION_LEVEL = 0;
				GCC_PREPROCESSOR_DEFINITIONS = (
					"DEBUG=1",
					"$(inherited)",
				);
				GCC_WARN_64_TO_32_BIT_CONVERSION = YES;
				GCC_WARN_ABOUT_RETURN_TYPE = YES_ERROR;
				GCC_WARN_UNDECLARED_SELECTOR = YES;
				GCC_WARN_UNINITIALIZED_AUTOS = YES_AGGRESSIVE;
				GCC_WARN_UNUSED_FUNCTION = YES;
				GCC_WARN_UNUSED_VARIABLE = YES;
				IPHONEOS_DEPLOYMENT_TARGET = 9.1;
				MTL_ENABLE_DEBUG_INFO = YES;
				ONLY_ACTIVE_ARCH = YES;
				SDKROOT = iphoneos;
				TARGETED_DEVICE_FAMILY = "1,2";
			};
			name = Debug;
		};
		D7E8FE941C192A3A005E908F /* Release */ = {
			isa = XCBuildConfiguration;
			buildSettings = {
				ALWAYS_SEARCH_USER_PATHS = NO;
				CLANG_CXX_LANGUAGE_STANDARD = "gnu++0x";
				CLANG_CXX_LIBRARY = "libc++";
				CLANG_ENABLE_MODULES = YES;
				CLANG_ENABLE_OBJC_ARC = YES;
				CLANG_WARN_BOOL_CONVERSION = YES;
				CLANG_WARN_CONSTANT_CONVERSION = YES;
				CLANG_WARN_DIRECT_OBJC_ISA_USAGE = YES_ERROR;
				CLANG_WARN_EMPTY_BODY = YES;
				CLANG_WARN_ENUM_CONVERSION = YES;
				CLANG_WARN_INT_CONVERSION = YES;
				CLANG_WARN_OBJC_ROOT_CLASS = YES_ERROR;
				CLANG_WARN_UNREACHABLE_CODE = YES;
				CLANG_WARN__DUPLICATE_METHOD_MATCH = YES;
				"CODE_SIGN_IDENTITY[sdk=iphoneos*]" = "iPhone Developer";
				COPY_PHASE_STRIP = NO;
				DEBUG_INFORMATION_FORMAT = "dwarf-with-dsym";
				ENABLE_NS_ASSERTIONS = NO;
				ENABLE_STRICT_OBJC_MSGSEND = YES;
				GCC_C_LANGUAGE_STANDARD = gnu99;
				GCC_NO_COMMON_BLOCKS = YES;
				GCC_WARN_64_TO_32_BIT_CONVERSION = YES;
				GCC_WARN_ABOUT_RETURN_TYPE = YES_ERROR;
				GCC_WARN_UNDECLARED_SELECTOR = YES;
				GCC_WARN_UNINITIALIZED_AUTOS = YES_AGGRESSIVE;
				GCC_WARN_UNUSED_FUNCTION = YES;
				GCC_WARN_UNUSED_VARIABLE = YES;
				IPHONEOS_DEPLOYMENT_TARGET = 9.1;
				MTL_ENABLE_DEBUG_INFO = NO;
				SDKROOT = iphoneos;
				TARGETED_DEVICE_FAMILY = "1,2";
				VALIDATE_PRODUCT = YES;
			};
			name = Release;
		};
		D7E8FE961C192A3A005E908F /* Debug */ = {
			isa = XCBuildConfiguration;
			baseConfigurationReference = 6083E961B3853FE23FEA3BEE /* Pods-Demo_Clock.debug.xcconfig */;
			buildSettings = {
				ASSETCATALOG_COMPILER_APPICON_NAME = AppIcon;
				DEVELOPMENT_TEAM = 83SLLMU85B;
				INFOPLIST_FILE = Demo_Clock/Info.plist;
				IPHONEOS_DEPLOYMENT_TARGET = 9.1;
				LD_RUNPATH_SEARCH_PATHS = "$(inherited) @executable_path/Frameworks";
				PRODUCT_BUNDLE_IDENTIFIER = "com.teason.Demo-Clock";
				PRODUCT_NAME = "$(TARGET_NAME)";
			};
			name = Debug;
		};
		D7E8FE971C192A3A005E908F /* Release */ = {
			isa = XCBuildConfiguration;
			baseConfigurationReference = 8B9901C02A72524629B269AD /* Pods-Demo_Clock.release.xcconfig */;
			buildSettings = {
				ASSETCATALOG_COMPILER_APPICON_NAME = AppIcon;
				DEVELOPMENT_TEAM = 83SLLMU85B;
				INFOPLIST_FILE = Demo_Clock/Info.plist;
				IPHONEOS_DEPLOYMENT_TARGET = 9.1;
				LD_RUNPATH_SEARCH_PATHS = "$(inherited) @executable_path/Frameworks";
				PRODUCT_BUNDLE_IDENTIFIER = "com.teason.Demo-Clock";
				PRODUCT_NAME = "$(TARGET_NAME)";
			};
			name = Release;
		};
		D7E8FE991C192A3A005E908F /* Debug */ = {
			isa = XCBuildConfiguration;
			buildSettings = {
				BUNDLE_LOADER = "$(TEST_HOST)";
				INFOPLIST_FILE = Demo_ClockTests/Info.plist;
				LD_RUNPATH_SEARCH_PATHS = "$(inherited) @executable_path/Frameworks @loader_path/Frameworks";
				PRODUCT_BUNDLE_IDENTIFIER = "com.teason.Demo-ClockTests";
				PRODUCT_NAME = "$(TARGET_NAME)";
				TEST_HOST = "$(BUILT_PRODUCTS_DIR)/Demo_Clock.app/Demo_Clock";
			};
			name = Debug;
		};
		D7E8FE9A1C192A3A005E908F /* Release */ = {
			isa = XCBuildConfiguration;
			buildSettings = {
				BUNDLE_LOADER = "$(TEST_HOST)";
				INFOPLIST_FILE = Demo_ClockTests/Info.plist;
				LD_RUNPATH_SEARCH_PATHS = "$(inherited) @executable_path/Frameworks @loader_path/Frameworks";
				PRODUCT_BUNDLE_IDENTIFIER = "com.teason.Demo-ClockTests";
				PRODUCT_NAME = "$(TARGET_NAME)";
				TEST_HOST = "$(BUILT_PRODUCTS_DIR)/Demo_Clock.app/Demo_Clock";
			};
			name = Release;
		};
		D7E8FE9C1C192A3A005E908F /* Debug */ = {
			isa = XCBuildConfiguration;
			buildSettings = {
				INFOPLIST_FILE = Demo_ClockUITests/Info.plist;
				LD_RUNPATH_SEARCH_PATHS = "$(inherited) @executable_path/Frameworks @loader_path/Frameworks";
				PRODUCT_BUNDLE_IDENTIFIER = "com.teason.Demo-ClockUITests";
				PRODUCT_NAME = "$(TARGET_NAME)";
				TEST_TARGET_NAME = Demo_Clock;
				USES_XCTRUNNER = YES;
			};
			name = Debug;
		};
		D7E8FE9D1C192A3A005E908F /* Release */ = {
			isa = XCBuildConfiguration;
			buildSettings = {
				INFOPLIST_FILE = Demo_ClockUITests/Info.plist;
				LD_RUNPATH_SEARCH_PATHS = "$(inherited) @executable_path/Frameworks @loader_path/Frameworks";
				PRODUCT_BUNDLE_IDENTIFIER = "com.teason.Demo-ClockUITests";
				PRODUCT_NAME = "$(TARGET_NAME)";
				TEST_TARGET_NAME = Demo_Clock;
				USES_XCTRUNNER = YES;
			};
			name = Release;
		};
/* End XCBuildConfiguration section */

/* Begin XCConfigurationList section */
		D7E8FE631C192A39005E908F /* Build configuration list for PBXProject "Demo_Clock" */ = {
			isa = XCConfigurationList;
			buildConfigurations = (
				D7E8FE931C192A3A005E908F /* Debug */,
				D7E8FE941C192A3A005E908F /* Release */,
			);
			defaultConfigurationIsVisible = 0;
			defaultConfigurationName = Release;
		};
		D7E8FE951C192A3A005E908F /* Build configuration list for PBXNativeTarget "Demo_Clock" */ = {
			isa = XCConfigurationList;
			buildConfigurations = (
				D7E8FE961C192A3A005E908F /* Debug */,
				D7E8FE971C192A3A005E908F /* Release */,
			);
			defaultConfigurationIsVisible = 0;
			defaultConfigurationName = Release;
		};
		D7E8FE981C192A3A005E908F /* Build configuration list for PBXNativeTarget "Demo_ClockTests" */ = {
			isa = XCConfigurationList;
			buildConfigurations = (
				D7E8FE991C192A3A005E908F /* Debug */,
				D7E8FE9A1C192A3A005E908F /* Release */,
			);
			defaultConfigurationIsVisible = 0;
			defaultConfigurationName = Release;
		};
		D7E8FE9B1C192A3A005E908F /* Build configuration list for PBXNativeTarget "Demo_ClockUITests" */ = {
			isa = XCConfigurationList;
			buildConfigurations = (
				D7E8FE9C1C192A3A005E908F /* Debug */,
				D7E8FE9D1C192A3A005E908F /* Release */,
			);
			defaultConfigurationIsVisible = 0;
			defaultConfigurationName = Release;
		};
/* End XCConfigurationList section */
	};
	rootObject = D7E8FE601C192A39005E908F /* Project object */;
}
